
Microsoft Visual Studio Solution File, Format Version 12.00
# Visual Studio Version 17
VisualStudioVersion = 17.2.32630.192
MinimumVisualStudioVersion = 10.0.40219.1
Project("{FAE04EC0-301F-11D3-BF4B-00C04F79EFBC}") = "Eggciting game", "Eggciting game\Eggciting game.csproj", "{1CE9799F-95EA-4A38-A63C-3D53D51CC11A}"
EndProject
Global
	GlobalSection(SolutionConfigurationPlatforms) = preSolution
		Debug|Any CPU = Debug|Any CPU
		Release|Any CPU = Release|Any CPU
	EndGlobalSection
	GlobalSection(ProjectConfigurationPlatforms) = postSolution
		{1CE9799F-95EA-4A38-A63C-3D53D51CC11A}.Debug|Any CPU.ActiveCfg = Debug|Any CPU
		{1CE9799F-95EA-4A38-A63C-3D53D51CC11A}.Debug|Any CPU.Build.0 = Debug|Any CPU
		{1CE9799F-95EA-4A38-A63C-3D53D51CC11A}.Release|Any CPU.ActiveCfg = Release|Any CPU
		{1CE9799F-95EA-4A38-A63C-3D53D51CC11A}.Release|Any CPU.Build.0 = Release|Any CPU
	EndGlobalSection
	GlobalSection(SolutionProperties) = preSolution
		HideSolutionNode = FALSE
	EndGlobalSection
	GlobalSection(ExtensibilityGlobals) = postSolution
		SolutionGuid = {3866F8A0-098C-4573-A188-1A96901B6CD9}
	EndGlobalSection
EndGlobal
