
Microsoft Visual Studio Solution File, Format Version 12.00
# Visual Studio Version 17
VisualStudioVersion = 17.2.32602.215
MinimumVisualStudioVersion = 10.0.40219.1
Project("{FAE04EC0-301F-11D3-BF4B-00C04F79EFBC}") = "Pong", "Pong\Pong.csproj", "{9DCEFA4A-D971-416D-B213-2FCAB3B99311}"
EndProject
Global
	GlobalSection(SolutionConfigurationPlatforms) = preSolution
		Debug|Any CPU = Debug|Any CPU
		Release|Any CPU = Release|Any CPU
	EndGlobalSection
	GlobalSection(ProjectConfigurationPlatforms) = postSolution
		{9DCEFA4A-D971-416D-B213-2FCAB3B99311}.Debug|Any CPU.ActiveCfg = Debug|Any CPU
		{9DCEFA4A-D971-416D-B213-2FCAB3B99311}.Debug|Any CPU.Build.0 = Debug|Any CPU
		{9DCEFA4A-D971-416D-B213-2FCAB3B99311}.Release|Any CPU.ActiveCfg = Release|Any CPU
		{9DCEFA4A-D971-416D-B213-2FCAB3B99311}.Release|Any CPU.Build.0 = Release|Any CPU
	EndGlobalSection
	GlobalSection(SolutionProperties) = preSolution
		HideSolutionNode = FALSE
	EndGlobalSection
	GlobalSection(ExtensibilityGlobals) = postSolution
		SolutionGuid = {9B4F41F4-7F14-43AD-ACC4-421572D3E62A}
	EndGlobalSection
EndGlobal
